
Microsoft Visual Studio Solution File, Format Version 12.00
# Visual Studio Version 17
VisualStudioVersion = 17.1.32414.318
MinimumVisualStudioVersion = 10.0.40219.1
Project("{FAE04EC0-301F-11D3-BF4B-00C04F79EFBC}") = "CshHW5", "CshHW5\CshHW5.csproj", "{95CBC4EB-F490-4843-9EF4-6698F5AD2979}"
EndProject
Global
	GlobalSection(SolutionConfigurationPlatforms) = preSolution
		Debug|Any CPU = Debug|Any CPU
		Release|Any CPU = Release|Any CPU
	EndGlobalSection
	GlobalSection(ProjectConfigurationPlatforms) = postSolution
		{95CBC4EB-F490-4843-9EF4-6698F5AD2979}.Debug|Any CPU.ActiveCfg = Debug|Any CPU
		{95CBC4EB-F490-4843-9EF4-6698F5AD2979}.Debug|Any CPU.Build.0 = Debug|Any CPU
		{95CBC4EB-F490-4843-9EF4-6698F5AD2979}.Release|Any CPU.ActiveCfg = Release|Any CPU
		{95CBC4EB-F490-4843-9EF4-6698F5AD2979}.Release|Any CPU.Build.0 = Release|Any CPU
	EndGlobalSection
	GlobalSection(SolutionProperties) = preSolution
		HideSolutionNode = FALSE
	EndGlobalSection
	GlobalSection(ExtensibilityGlobals) = postSolution
		SolutionGuid = {7458EAA4-5AEE-47D5-90DF-54CE57AF9A43}
	EndGlobalSection
EndGlobal
